
Microsoft Visual Studio Solution File, Format Version 12.00
# Visual Studio Version 16
VisualStudioVersion = 16.0.31624.102
MinimumVisualStudioVersion = 10.0.40219.1
Project("{9A19103F-16F7-4668-BE54-9A1E7A4F7556}") = "ExamenDos", "ExamenDos\ExamenDos.csproj", "{713B84D9-071E-41A5-B5CD-566B42DA66ED}"
EndProject
Project("{00D1A9C2-B5F0-4AF3-8072-F6C62B433612}") = "DatabaseExamenDos", "DatabaseExamenDos\DatabaseExamenDos.sqlproj", "{7116E951-D7F2-4A76-B01F-6A6B5CF2C212}"
EndProject
Project("{9A19103F-16F7-4668-BE54-9A1E7A4F7556}") = "Entity", "Entity\Entity.csproj", "{A53A557D-D2CC-4D01-A863-221146060757}"
EndProject
Project("{FAE04EC0-301F-11D3-BF4B-00C04F79EFBC}") = "WBL", "WBL\WBL.csproj", "{1900C31F-6215-41B5-9D7E-491B18339CF4}"
EndProject
Project("{FAE04EC0-301F-11D3-BF4B-00C04F79EFBC}") = "DB", "DB\DB.csproj", "{AE1530F3-B28F-49BE-85C5-A7D0AD5D69D7}"
EndProject
Global
	GlobalSection(SolutionConfigurationPlatforms) = preSolution
		Debug|Any CPU = Debug|Any CPU
		Release|Any CPU = Release|Any CPU
	EndGlobalSection
	GlobalSection(ProjectConfigurationPlatforms) = postSolution
		{713B84D9-071E-41A5-B5CD-566B42DA66ED}.Debug|Any CPU.ActiveCfg = Debug|Any CPU
		{713B84D9-071E-41A5-B5CD-566B42DA66ED}.Debug|Any CPU.Build.0 = Debug|Any CPU
		{713B84D9-071E-41A5-B5CD-566B42DA66ED}.Release|Any CPU.ActiveCfg = Release|Any CPU
		{713B84D9-071E-41A5-B5CD-566B42DA66ED}.Release|Any CPU.Build.0 = Release|Any CPU
		{7116E951-D7F2-4A76-B01F-6A6B5CF2C212}.Debug|Any CPU.ActiveCfg = Debug|Any CPU
		{7116E951-D7F2-4A76-B01F-6A6B5CF2C212}.Debug|Any CPU.Build.0 = Debug|Any CPU
		{7116E951-D7F2-4A76-B01F-6A6B5CF2C212}.Debug|Any CPU.Deploy.0 = Debug|Any CPU
		{7116E951-D7F2-4A76-B01F-6A6B5CF2C212}.Release|Any CPU.ActiveCfg = Release|Any CPU
		{7116E951-D7F2-4A76-B01F-6A6B5CF2C212}.Release|Any CPU.Build.0 = Release|Any CPU
		{7116E951-D7F2-4A76-B01F-6A6B5CF2C212}.Release|Any CPU.Deploy.0 = Release|Any CPU
		{A53A557D-D2CC-4D01-A863-221146060757}.Debug|Any CPU.ActiveCfg = Debug|Any CPU
		{A53A557D-D2CC-4D01-A863-221146060757}.Debug|Any CPU.Build.0 = Debug|Any CPU
		{A53A557D-D2CC-4D01-A863-221146060757}.Release|Any CPU.ActiveCfg = Release|Any CPU
		{A53A557D-D2CC-4D01-A863-221146060757}.Release|Any CPU.Build.0 = Release|Any CPU
		{1900C31F-6215-41B5-9D7E-491B18339CF4}.Debug|Any CPU.ActiveCfg = Debug|Any CPU
		{1900C31F-6215-41B5-9D7E-491B18339CF4}.Debug|Any CPU.Build.0 = Debug|Any CPU
		{1900C31F-6215-41B5-9D7E-491B18339CF4}.Release|Any CPU.ActiveCfg = Release|Any CPU
		{1900C31F-6215-41B5-9D7E-491B18339CF4}.Release|Any CPU.Build.0 = Release|Any CPU
		{AE1530F3-B28F-49BE-85C5-A7D0AD5D69D7}.Debug|Any CPU.ActiveCfg = Debug|Any CPU
		{AE1530F3-B28F-49BE-85C5-A7D0AD5D69D7}.Debug|Any CPU.Build.0 = Debug|Any CPU
		{AE1530F3-B28F-49BE-85C5-A7D0AD5D69D7}.Release|Any CPU.ActiveCfg = Release|Any CPU
		{AE1530F3-B28F-49BE-85C5-A7D0AD5D69D7}.Release|Any CPU.Build.0 = Release|Any CPU
	EndGlobalSection
	GlobalSection(SolutionProperties) = preSolution
		HideSolutionNode = FALSE
	EndGlobalSection
	GlobalSection(ExtensibilityGlobals) = postSolution
		SolutionGuid = {EBD47FB4-C1A8-4686-96E9-58FA5A008B78}
	EndGlobalSection
EndGlobal
